
Microsoft Visual Studio Solution File, Format Version 12.00
# Visual Studio Version 17
VisualStudioVersion = 17.4.33213.308
MinimumVisualStudioVersion = 10.0.40219.1
Project("{FAE04EC0-301F-11D3-BF4B-00C04F79EFBC}") = "ToDo_tr", "ToDo_tr\ToDo_tr.csproj", "{F1F49981-B084-4A17-B29A-7F1B1DE7781B}"
EndProject
Global
	GlobalSection(SolutionConfigurationPlatforms) = preSolution
		Debug|Any CPU = Debug|Any CPU
		Release|Any CPU = Release|Any CPU
	EndGlobalSection
	GlobalSection(ProjectConfigurationPlatforms) = postSolution
		{F1F49981-B084-4A17-B29A-7F1B1DE7781B}.Debug|Any CPU.ActiveCfg = Debug|Any CPU
		{F1F49981-B084-4A17-B29A-7F1B1DE7781B}.Debug|Any CPU.Build.0 = Debug|Any CPU
		{F1F49981-B084-4A17-B29A-7F1B1DE7781B}.Release|Any CPU.ActiveCfg = Release|Any CPU
		{F1F49981-B084-4A17-B29A-7F1B1DE7781B}.Release|Any CPU.Build.0 = Release|Any CPU
	EndGlobalSection
	GlobalSection(SolutionProperties) = preSolution
		HideSolutionNode = FALSE
	EndGlobalSection
	GlobalSection(ExtensibilityGlobals) = postSolution
		SolutionGuid = {E26255C7-93B2-4DB2-BB76-9B8A4D4800B5}
	EndGlobalSection
EndGlobal
